// !$*UTF8*$!
{
	archiveVersion = 1;
	classes = {
	};
	objectVersion = 50;
	objects = {

/* Begin PBXBuildFile section */
		D6FBBB0E2629D7B00026B83A /* AppDelegate.swift in Sources */ = {isa = PBXBuildFile; fileRef = D6FBBB0D2629D7B00026B83A /* AppDelegate.swift */; };
		D6FBBB102629D7B00026B83A /* SceneDelegate.swift in Sources */ = {isa = PBXBuildFile; fileRef = D6FBBB0F2629D7B00026B83A /* SceneDelegate.swift */; };
		D6FBBB122629D7B00026B83A /* ContentView.swift in Sources */ = {isa = PBXBuildFile; fileRef = D6FBBB112629D7B00026B83A /* ContentView.swift */; };
		D6FBBB152629D7B00026B83A /* MovieAPI.xcdatamodeld in Sources */ = {isa = PBXBuildFile; fileRef = D6FBBB132629D7B00026B83A /* MovieAPI.xcdatamodeld */; };
		D6FBBB172629D7B10026B83A /* Assets.xcassets in Resources */ = {isa = PBXBuildFile; fileRef = D6FBBB162629D7B10026B83A /* Assets.xcassets */; };
		D6FBBB1A2629D7B10026B83A /* Preview Assets.xcassets in Resources */ = {isa = PBXBuildFile; fileRef = D6FBBB192629D7B10026B83A /* Preview Assets.xcassets */; };
		D6FBBB1D2629D7B10026B83A /* LaunchScreen.storyboard in Resources */ = {isa = PBXBuildFile; fileRef = D6FBBB1B2629D7B10026B83A /* LaunchScreen.storyboard */; };
/* End PBXBuildFile section */

/* Begin PBXFileReference section */
		D6FBBB0A2629D7B00026B83A /* MovieAPI.app */ = {isa = PBXFileReference; explicitFileType = wrapper.application; includeInIndex = 0; path = MovieAPI.app; sourceTree = BUILT_PRODUCTS_DIR; };
		D6FBBB0D2629D7B00026B83A /* AppDelegate.swift */ = {isa = PBXFileReference; lastKnownFileType = sourcecode.swift; path = AppDelegate.swift; sourceTree = "<group>"; };
		D6FBBB0F2629D7B00026B83A /* SceneDelegate.swift */ = {isa = PBXFileReference; lastKnownFileType = sourcecode.swift; path = SceneDelegate.swift; sourceTree = "<group>"; };
		D6FBBB112629D7B00026B83A /* ContentView.swift */ = {isa = PBXFileReference; lastKnownFileType = sourcecode.swift; path = ContentView.swift; sourceTree = "<group>"; };
		D6FBBB142629D7B00026B83A /* MovieAPI.xcdatamodel */ = {isa = PBXFileReference; lastKnownFileType = wrapper.xcdatamodel; path = MovieAPI.xcdatamodel; sourceTree = "<group>"; };
		D6FBBB162629D7B10026B83A /* Assets.xcassets */ = {isa = PBXFileReference; lastKnownFileType = folder.assetcatalog; path = Assets.xcassets; sourceTree = "<group>"; };
		D6FBBB192629D7B10026B83A /* Preview Assets.xcassets */ = {isa = PBXFileReference; lastKnownFileType = folder.assetcatalog; path = "Preview Assets.xcassets"; sourceTree = "<group>"; };
		D6FBBB1C2629D7B10026B83A /* Base */ = {isa = PBXFileReference; lastKnownFileType = file.storyboard; name = Base; path = Base.lproj/LaunchScreen.storyboard; sourceTree = "<group>"; };
		D6FBBB1E2629D7B10026B83A /* Info.plist */ = {isa = PBXFileReference; lastKnownFileType = text.plist.xml; path = Info.plist; sourceTree = "<group>"; };
/* End PBXFileReference section */

/* Begin PBXFrameworksBuildPhase section */
		D6FBBB072629D7B00026B83A /* Frameworks */ = {
			isa = PBXFrameworksBuildPhase;
			buildActionMask = 2147483647;
			files = (
			);
			runOnlyForDeploymentPostprocessing = 0;
		};
/* End PBXFrameworksBuildPhase section */

/* Begin PBXGroup section */
		D6FBBB012629D7B00026B83A = {
			isa = PBXGroup;
			children = (
				D6FBBB0C2629D7B00026B83A /* MovieAPI */,
				D6FBBB0B2629D7B00026B83A /* Products */,
			);
			sourceTree = "<group>";
		};
		D6FBBB0B2629D7B00026B83A /* Products */ = {
			isa = PBXGroup;
			children = (
				D6FBBB0A2629D7B00026B83A /* MovieAPI.app */,
			);
			name = Products;
			sourceTree = "<group>";
		};
		D6FBBB0C2629D7B00026B83A /* MovieAPI */ = {
			isa = PBXGroup;
			children = (
				D6FBBB0D2629D7B00026B83A /* AppDelegate.swift */,
				D6FBBB0F2629D7B00026B83A /* SceneDelegate.swift */,
				D6FBBB112629D7B00026B83A /* ContentView.swift */,
				D6FBBB162629D7B10026B83A /* Assets.xcassets */,
				D6FBBB1B2629D7B10026B83A /* LaunchScreen.storyboard */,
				D6FBBB1E2629D7B10026B83A /* Info.plist */,
				D6FBBB132629D7B00026B83A /* MovieAPI.xcdatamodeld */,
				D6FBBB182629D7B10026B83A /* Preview Content */,
			);
			path = MovieAPI;
			sourceTree = "<group>";
		};
		D6FBBB182629D7B10026B83A /* Preview Content */ = {
			isa = PBXGroup;
			children = (
				D6FBBB192629D7B10026B83A /* Preview Assets.xcassets */,
			);
			path = "Preview Content";
			sourceTree = "<group>";
		};
/* End PBXGroup section */

/* Begin PBXNativeTarget section */
		D6FBBB092629D7B00026B83A /* MovieAPI */ = {
			isa = PBXNativeTarget;
			buildConfigurationList = D6FBBB212629D7B10026B83A /* Build configuration list for PBXNativeTarget "MovieAPI" */;
			buildPhases = (
				D6FBBB062629D7B00026B83A /* Sources */,
				D6FBBB072629D7B00026B83A /* Frameworks */,
				D6FBBB082629D7B00026B83A /* Resources */,
			);
			buildRules = (
			);
			dependencies = (
			);
			name = MovieAPI;
			productName = MovieAPI;
			productReference = D6FBBB0A2629D7B00026B83A /* MovieAPI.app */;
			productType = "com.apple.product-type.application";
		};
/* End PBXNativeTarget section */

/* Begin PBXProject section */
		D6FBBB022629D7B00026B83A /* Project object */ = {
			isa = PBXProject;
			attributes = {
				LastSwiftUpdateCheck = 1240;
				LastUpgradeCheck = 1240;
				TargetAttributes = {
					D6FBBB092629D7B00026B83A = {
						CreatedOnToolsVersion = 12.4;
					};
				};
			};
			buildConfigurationList = D6FBBB052629D7B00026B83A /* Build configuration list for PBXProject "MovieAPI" */;
			compatibilityVersion = "Xcode 9.3";
			developmentRegion = en;
			hasScannedForEncodings = 0;
			knownRegions = (
				en,
				Base,
			);
			mainGroup = D6FBBB012629D7B00026B83A;
			productRefGroup = D6FBBB0B2629D7B00026B83A /* Products */;
			projectDirPath = "";
			projectRoot = "";
			targets = (
				D6FBBB092629D7B00026B83A /* MovieAPI */,
			);
		};
/* End PBXProject section */

/* Begin PBXResourcesBuildPhase section */
		D6FBBB082629D7B00026B83A /* Resources */ = {
			isa = PBXResourcesBuildPhase;
			buildActionMask = 2147483647;
			files = (
				D6FBBB1D2629D7B10026B83A /* LaunchScreen.storyboard in Resources */,
				D6FBBB1A2629D7B10026B83A /* Preview Assets.xcassets in Resources */,
				D6FBBB172629D7B10026B83A /* Assets.xcassets in Resources */,
			);
			runOnlyForDeploymentPostprocessing = 0;
		};
/* End PBXResourcesBuildPhase section */

/* Begin PBXSourcesBuildPhase section */
		D6FBBB062629D7B00026B83A /* Sources */ = {
			isa = PBXSourcesBuildPhase;
			buildActionMask = 2147483647;
			files = (
				D6FBBB0E2629D7B00026B83A /* AppDelegate.swift in Sources */,
				D6FBBB102629D7B00026B83A /* SceneDelegate.swift in Sources */,
				D6FBBB122629D7B00026B83A /* ContentView.swift in Sources */,
				D6FBBB152629D7B00026B83A /* MovieAPI.xcdatamodeld in Sources */,
			);
			runOnlyForDeploymentPostprocessing = 0;
		};
/* End PBXSourcesBuildPhase section */

/* Begin PBXVariantGroup section */
		D6FBBB1B2629D7B10026B83A /* LaunchScreen.storyboard */ = {
			isa = PBXVariantGroup;
			children = (
				D6FBBB1C2629D7B10026B83A /* Base */,
			);
			name = LaunchScreen.storyboard;
			sourceTree = "<group>";
		};
/* End PBXVariantGroup section */

/* Begin XCBuildConfiguration section */
		D6FBBB1F2629D7B10026B83A /* Debug */ = {
			isa = XCBuildConfiguration;
			buildSettings = {
				ALWAYS_SEARCH_USER_PATHS = NO;
				CLANG_ANALYZER_NONNULL = YES;
				CLANG_ANALYZER_NUMBER_OBJECT_CONVERSION = YES_AGGRESSIVE;
				CLANG_CXX_LANGUAGE_STANDARD = "gnu++14";
				CLANG_CXX_LIBRARY = "libc++";
				CLANG_ENABLE_MODULES = YES;
				CLANG_ENABLE_OBJC_ARC = YES;
				CLANG_ENABLE_OBJC_WEAK = YES;
				CLANG_WARN_BLOCK_CAPTURE_AUTORELEASING = YES;
				CLANG_WARN_BOOL_CONVERSION = YES;
				CLANG_WARN_COMMA = YES;
				CLANG_WARN_CONSTANT_CONVERSION = YES;
				CLANG_WARN_DEPRECATED_OBJC_IMPLEMENTATIONS = YES;
				CLANG_WARN_DIRECT_OBJC_ISA_USAGE = YES_ERROR;
				CLANG_WARN_DOCUMENTATION_COMMENTS = YES;
				CLANG_WARN_EMPTY_BODY = YES;
				CLANG_WARN_ENUM_CONVERSION = YES;
				CLANG_WARN_INFINITE_RECURSION = YES;
				CLANG_WARN_INT_CONVERSION = YES;
				CLANG_WARN_NON_LITERAL_NULL_CONVERSION = YES;
				CLANG_WARN_OBJC_IMPLICIT_RETAIN_SELF = YES;
				CLANG_WARN_OBJC_LITERAL_CONVERSION = YES;
				CLANG_WARN_OBJC_ROOT_CLASS = YES_ERROR;
				CLANG_WARN_QUOTED_INCLUDE_IN_FRAMEWORK_HEADER = YES;
				CLANG_WARN_RANGE_LOOP_ANALYSIS = YES;
				CLANG_WARN_STRICT_PROTOTYPES = YES;
				CLANG_WARN_SUSPICIOUS_MOVE = YES;
				CLANG_WARN_UNGUARDED_AVAILABILITY = YES_AGGRESSIVE;
				CLANG_WARN_UNREACHABLE_CODE = YES;
				CLANG_WARN__DUPLICATE_METHOD_MATCH = YES;
				COPY_PHASE_STRIP = NO;
				DEBUG_INFORMATION_FORMAT = dwarf;
				ENABLE_STRICT_OBJC_MSGSEND = YES;
				ENABLE_TESTABILITY = YES;
				GCC_C_LANGUAGE_STANDARD = gnu11;
				GCC_DYNAMIC_NO_PIC = NO;
				GCC_NO_COMMON_BLOCKS = YES;
				GCC_OPTIMIZATION_LEVEL = 0;
				GCC_PREPROCESSOR_DEFINITIONS = (
					"DEBUG=1",
					"$(inherited)",
				);
				GCC_WARN_64_TO_32_BIT_CONVERSION = YES;
				GCC_WARN_ABOUT_RETURN_TYPE = YES_ERROR;
				GCC_WARN_UNDECLARED_SELECTOR = YES;
				GCC_WARN_UNINITIALIZED_AUTOS = YES_AGGRESSIVE;
				GCC_WARN_UNUSED_FUNCTION = YES;
				GCC_WARN_UNUSED_VARIABLE = YES;
				IPHONEOS_DEPLOYMENT_TARGET = 14.4;
				MTL_ENABLE_DEBUG_INFO = INCLUDE_SOURCE;
				MTL_FAST_MATH = YES;
				ONLY_ACTIVE_ARCH = YES;
				SDKROOT = iphoneos;
				SWIFT_ACTIVE_COMPILATION_CONDITIONS = DEBUG;
				SWIFT_OPTIMIZATION_LEVEL = "-Onone";
			};
			name = Debug;
		};
		D6FBBB202629D7B10026B83A /* Release */ = {
			isa = XCBuildConfiguration;
			buildSettings = {
				ALWAYS_SEARCH_USER_PATHS = NO;
				CLANG_ANALYZER_NONNULL = YES;
				CLANG_ANALYZER_NUMBER_OBJECT_CONVERSION = YES_AGGRESSIVE;
				CLANG_CXX_LANGUAGE_STANDARD = "gnu++14";
				CLANG_CXX_LIBRARY = "libc++";
				CLANG_ENABLE_MODULES = YES;
				CLANG_ENABLE_OBJC_ARC = YES;
				CLANG_ENABLE_OBJC_WEAK = YES;
				CLANG_WARN_BLOCK_CAPTURE_AUTORELEASING = YES;
				CLANG_WARN_BOOL_CONVERSION = YES;
				CLANG_WARN_COMMA = YES;
				CLANG_WARN_CONSTANT_CONVERSION = YES;
				CLANG_WARN_DEPRECATED_OBJC_IMPLEMENTATIONS = YES;
				CLANG_WARN_DIRECT_OBJC_ISA_USAGE = YES_ERROR;
				CLANG_WARN_DOCUMENTATION_COMMENTS = YES;
				CLANG_WARN_EMPTY_BODY = YES;
				CLANG_WARN_ENUM_CONVERSION = YES;
				CLANG_WARN_INFINITE_RECURSION = YES;
				CLANG_WARN_INT_CONVERSION = YES;
				CLANG_WARN_NON_LITERAL_NULL_CONVERSION = YES;
				CLANG_WARN_OBJC_IMPLICIT_RETAIN_SELF = YES;
				CLANG_WARN_OBJC_LITERAL_CONVERSION = YES;
				CLANG_WARN_OBJC_ROOT_CLASS = YES_ERROR;
				CLANG_WARN_QUOTED_INCLUDE_IN_FRAMEWORK_HEADER = YES;
				CLANG_WARN_RANGE_LOOP_ANALYSIS = YES;
				CLANG_WARN_STRICT_PROTOTYPES = YES;
				CLANG_WARN_SUSPICIOUS_MOVE = YES;
				CLANG_WARN_UNGUARDED_AVAILABILITY = YES_AGGRESSIVE;
				CLANG_WARN_UNREACHABLE_CODE = YES;
				CLANG_WARN__DUPLICATE_METHOD_MATCH = YES;
				COPY_PHASE_STRIP = NO;
				DEBUG_INFORMATION_FORMAT = "dwarf-with-dsym";
				ENABLE_NS_ASSERTIONS = NO;
				ENABLE_STRICT_OBJC_MSGSEND = YES;
				GCC_C_LANGUAGE_STANDARD = gnu11;
				GCC_NO_COMMON_BLOCKS = YES;
				GCC_WARN_64_TO_32_BIT_CONVERSION = YES;
				GCC_WARN_ABOUT_RETURN_TYPE = YES_ERROR;
				GCC_WARN_UNDECLARED_SELECTOR = YES;
				GCC_WARN_UNINITIALIZED_AUTOS = YES_AGGRESSIVE;
				GCC_WARN_UNUSED_FUNCTION = YES;
				GCC_WARN_UNUSED_VARIABLE = YES;
				IPHONEOS_DEPLOYMENT_TARGET = 14.4;
				MTL_ENABLE_DEBUG_INFO = NO;
				MTL_FAST_MATH = YES;
				SDKROOT = iphoneos;
				SWIFT_COMPILATION_MODE = wholemodule;
				SWIFT_OPTIMIZATION_LEVEL = "-O";
				VALIDATE_PRODUCT = YES;
			};
			name = Release;
		};
		D6FBBB222629D7B10026B83A /* Debug */ = {
			isa = XCBuildConfiguration;
			buildSettings = {
				ASSETCATALOG_COMPILER_APPICON_NAME = AppIcon;
				ASSETCATALOG_COMPILER_GLOBAL_ACCENT_COLOR_NAME = AccentColor;
				CODE_SIGN_STYLE = Automatic;
				DEVELOPMENT_ASSET_PATHS = "\"MovieAPI/Preview Content\"";
				DEVELOPMENT_TEAM = A4VBXRR28X;
				ENABLE_PREVIEWS = YES;
				INFOPLIST_FILE = MovieAPI/Info.plist;
				LD_RUNPATH_SEARCH_PATHS = (
					"$(inherited)",
					"@executable_path/Frameworks",
				);
				PRODUCT_BUNDLE_IDENTIFIER = com.mz.MovieAPI;
				PRODUCT_NAME = "$(TARGET_NAME)";
				SWIFT_VERSION = 5.0;
				TARGETED_DEVICE_FAMILY = "1,2";
			};
			name = Debug;
		};
		D6FBBB232629D7B10026B83A /* Release */ = {
			isa = XCBuildConfiguration;
			buildSettings = {
				ASSETCATALOG_COMPILER_APPICON_NAME = AppIcon;
				ASSETCATALOG_COMPILER_GLOBAL_ACCENT_COLOR_NAME = AccentColor;
				CODE_SIGN_STYLE = Automatic;
				DEVELOPMENT_ASSET_PATHS = "\"MovieAPI/Preview Content\"";
				DEVELOPMENT_TEAM = A4VBXRR28X;
				ENABLE_PREVIEWS = YES;
				INFOPLIST_FILE = MovieAPI/Info.plist;
				LD_RUNPATH_SEARCH_PATHS = (
					"$(inherited)",
					"@executable_path/Frameworks",
				);
				PRODUCT_BUNDLE_IDENTIFIER = com.mz.MovieAPI;
				PRODUCT_NAME = "$(TARGET_NAME)";
				SWIFT_VERSION = 5.0;
				TARGETED_DEVICE_FAMILY = "1,2";
			};
			name = Release;
		};
/* End XCBuildConfiguration section */

/* Begin XCConfigurationList section */
		D6FBBB052629D7B00026B83A /* Build configuration list for PBXProject "MovieAPI" */ = {
			isa = XCConfigurationList;
			buildConfigurations = (
				D6FBBB1F2629D7B10026B83A /* Debug */,
				D6FBBB202629D7B10026B83A /* Release */,
			);
			defaultConfigurationIsVisible = 0;
			defaultConfigurationName = Release;
		};
		D6FBBB212629D7B10026B83A /* Build configuration list for PBXNativeTarget "MovieAPI" */ = {
			isa = XCConfigurationList;
			buildConfigurations = (
				D6FBBB222629D7B10026B83A /* Debug */,
				D6FBBB232629D7B10026B83A /* Release */,
			);
			defaultConfigurationIsVisible = 0;
			defaultConfigurationName = Release;
		};
/* End XCConfigurationList section */

/* Begin XCVersionGroup section */
		D6FBBB132629D7B00026B83A /* MovieAPI.xcdatamodeld */ = {
			isa = XCVersionGroup;
			children = (
				D6FBBB142629D7B00026B83A /* MovieAPI.xcdatamodel */,
			);
			currentVersion = D6FBBB142629D7B00026B83A /* MovieAPI.xcdatamodel */;
			path = MovieAPI.xcdatamodeld;
			sourceTree = "<group>";
			versionGroupType = wrapper.xcdatamodel;
		};
/* End XCVersionGroup section */
	};
	rootObject = D6FBBB022629D7B00026B83A /* Project object */;
}
